
Microsoft Visual Studio Solution File, Format Version 12.00
# Visual Studio Version 17
VisualStudioVersion = 17.10.35027.167
MinimumVisualStudioVersion = 10.0.40219.1
Project("{2150E333-8FDC-42A3-9474-1A3956D46DE8}") = "Domain", "Domain", "{CD012190-089D-4576-8018-87D1B351E5F9}"
EndProject
Project("{9A19103F-16F7-4668-BE54-9A1E7A4F7556}") = "CleanArchitecture.Domain", "CleanArchitecture.Domain\CleanArchitecture.Domain.csproj", "{787F55CF-E63B-4B4B-AA78-767971EBCAFE}"
EndProject
Project("{2150E333-8FDC-42A3-9474-1A3956D46DE8}") = "Application", "Application", "{69E018C0-5926-4D6F-8477-EBB0A695A396}"
EndProject
Project("{9A19103F-16F7-4668-BE54-9A1E7A4F7556}") = "CleanArchitecture.Application.Dto", "CleanArchitecture.Application.Dto\CleanArchitecture.Application.Dto.csproj", "{6E53E923-037C-442D-9F78-C3CC31E1689A}"
EndProject
Project("{9A19103F-16F7-4668-BE54-9A1E7A4F7556}") = "CleanArchitecture.Application.Interface", "CleanArchitecture.Application.Interface\CleanArchitecture.Application.Interface.csproj", "{B1BDEA1C-7179-4824-B585-6AA49A71BFA2}"
EndProject
Project("{9A19103F-16F7-4668-BE54-9A1E7A4F7556}") = "CleanArchitecture.Application.UseCases", "CleanArchitecture.Application.UseCases\CleanArchitecture.Application.UseCases.csproj", "{BCD9352C-3E6F-4F7B-8777-D17B227B141E}"
EndProject
Project("{2150E333-8FDC-42A3-9474-1A3956D46DE8}") = "Infrastructure", "Infrastructure", "{886A6D0D-F8F2-4D96-BCC6-78645BF6A54F}"
EndProject
Project("{9A19103F-16F7-4668-BE54-9A1E7A4F7556}") = "CleanArchitecture.Persistence", "CleanArchitecture.Persistence\CleanArchitecture.Persistence.csproj", "{53D267AB-CBC0-4AB4-A364-188CF2253B65}"
EndProject
Project("{2150E333-8FDC-42A3-9474-1A3956D46DE8}") = "Services", "Services", "{2B6EEAA5-B474-47DB-A39A-B57587004332}"
EndProject
Project("{9A19103F-16F7-4668-BE54-9A1E7A4F7556}") = "CleanArchitecture.WebApi", "CleanArchitecture.WebApi\CleanArchitecture.WebApi.csproj", "{00D4635D-2F11-4F01-B2B4-3FE3700B4FB4}"
EndProject
Project("{9A19103F-16F7-4668-BE54-9A1E7A4F7556}") = "CleanArchitecture.External", "CleanArchitecture.External\CleanArchitecture.External.csproj", "{CEE7EFE7-7EC3-4058-AE71-49137040A0A8}"
EndProject
Project("{2150E333-8FDC-42A3-9474-1A3956D46DE8}") = "Logs", "Logs", "{753BA836-1263-4966-B0AC-64952303380E}"
EndProject
Project("{2150E333-8FDC-42A3-9474-1A3956D46DE8}") = "Test", "Test", "{689BFE36-96B7-41AC-A3C0-5184F7397B3D}"
EndProject
Project("{FAE04EC0-301F-11D3-BF4B-00C04F79EFBC}") = "CleanArchitecture.WebApi.Test", "CleanArchitecture.WebApi.Test\CleanArchitecture.WebApi.Test.csproj", "{13DFB666-5290-4AC9-A94B-73DFD3C78D28}"
EndProject
Global
	GlobalSection(SolutionConfigurationPlatforms) = preSolution
		Debug|Any CPU = Debug|Any CPU
		Release|Any CPU = Release|Any CPU
	EndGlobalSection
	GlobalSection(ProjectConfigurationPlatforms) = postSolution
		{787F55CF-E63B-4B4B-AA78-767971EBCAFE}.Debug|Any CPU.ActiveCfg = Debug|Any CPU
		{787F55CF-E63B-4B4B-AA78-767971EBCAFE}.Debug|Any CPU.Build.0 = Debug|Any CPU
		{787F55CF-E63B-4B4B-AA78-767971EBCAFE}.Release|Any CPU.ActiveCfg = Release|Any CPU
		{787F55CF-E63B-4B4B-AA78-767971EBCAFE}.Release|Any CPU.Build.0 = Release|Any CPU
		{6E53E923-037C-442D-9F78-C3CC31E1689A}.Debug|Any CPU.ActiveCfg = Debug|Any CPU
		{6E53E923-037C-442D-9F78-C3CC31E1689A}.Debug|Any CPU.Build.0 = Debug|Any CPU
		{6E53E923-037C-442D-9F78-C3CC31E1689A}.Release|Any CPU.ActiveCfg = Release|Any CPU
		{6E53E923-037C-442D-9F78-C3CC31E1689A}.Release|Any CPU.Build.0 = Release|Any CPU
		{B1BDEA1C-7179-4824-B585-6AA49A71BFA2}.Debug|Any CPU.ActiveCfg = Debug|Any CPU
		{B1BDEA1C-7179-4824-B585-6AA49A71BFA2}.Debug|Any CPU.Build.0 = Debug|Any CPU
		{B1BDEA1C-7179-4824-B585-6AA49A71BFA2}.Release|Any CPU.ActiveCfg = Release|Any CPU
		{B1BDEA1C-7179-4824-B585-6AA49A71BFA2}.Release|Any CPU.Build.0 = Release|Any CPU
		{BCD9352C-3E6F-4F7B-8777-D17B227B141E}.Debug|Any CPU.ActiveCfg = Debug|Any CPU
		{BCD9352C-3E6F-4F7B-8777-D17B227B141E}.Debug|Any CPU.Build.0 = Debug|Any CPU
		{BCD9352C-3E6F-4F7B-8777-D17B227B141E}.Release|Any CPU.ActiveCfg = Release|Any CPU
		{BCD9352C-3E6F-4F7B-8777-D17B227B141E}.Release|Any CPU.Build.0 = Release|Any CPU
		{53D267AB-CBC0-4AB4-A364-188CF2253B65}.Debug|Any CPU.ActiveCfg = Debug|Any CPU
		{53D267AB-CBC0-4AB4-A364-188CF2253B65}.Debug|Any CPU.Build.0 = Debug|Any CPU
		{53D267AB-CBC0-4AB4-A364-188CF2253B65}.Release|Any CPU.ActiveCfg = Release|Any CPU
		{53D267AB-CBC0-4AB4-A364-188CF2253B65}.Release|Any CPU.Build.0 = Release|Any CPU
		{00D4635D-2F11-4F01-B2B4-3FE3700B4FB4}.Debug|Any CPU.ActiveCfg = Debug|Any CPU
		{00D4635D-2F11-4F01-B2B4-3FE3700B4FB4}.Debug|Any CPU.Build.0 = Debug|Any CPU
		{00D4635D-2F11-4F01-B2B4-3FE3700B4FB4}.Release|Any CPU.ActiveCfg = Release|Any CPU
		{00D4635D-2F11-4F01-B2B4-3FE3700B4FB4}.Release|Any CPU.Build.0 = Release|Any CPU
		{CEE7EFE7-7EC3-4058-AE71-49137040A0A8}.Debug|Any CPU.ActiveCfg = Debug|Any CPU
		{CEE7EFE7-7EC3-4058-AE71-49137040A0A8}.Debug|Any CPU.Build.0 = Debug|Any CPU
		{CEE7EFE7-7EC3-4058-AE71-49137040A0A8}.Release|Any CPU.ActiveCfg = Release|Any CPU
		{CEE7EFE7-7EC3-4058-AE71-49137040A0A8}.Release|Any CPU.Build.0 = Release|Any CPU
		{13DFB666-5290-4AC9-A94B-73DFD3C78D28}.Debug|Any CPU.ActiveCfg = Debug|Any CPU
		{13DFB666-5290-4AC9-A94B-73DFD3C78D28}.Debug|Any CPU.Build.0 = Debug|Any CPU
		{13DFB666-5290-4AC9-A94B-73DFD3C78D28}.Release|Any CPU.ActiveCfg = Release|Any CPU
		{13DFB666-5290-4AC9-A94B-73DFD3C78D28}.Release|Any CPU.Build.0 = Release|Any CPU
	EndGlobalSection
	GlobalSection(SolutionProperties) = preSolution
		HideSolutionNode = FALSE
	EndGlobalSection
	GlobalSection(NestedProjects) = preSolution
		{787F55CF-E63B-4B4B-AA78-767971EBCAFE} = {CD012190-089D-4576-8018-87D1B351E5F9}
		{6E53E923-037C-442D-9F78-C3CC31E1689A} = {69E018C0-5926-4D6F-8477-EBB0A695A396}
		{B1BDEA1C-7179-4824-B585-6AA49A71BFA2} = {69E018C0-5926-4D6F-8477-EBB0A695A396}
		{BCD9352C-3E6F-4F7B-8777-D17B227B141E} = {69E018C0-5926-4D6F-8477-EBB0A695A396}
		{53D267AB-CBC0-4AB4-A364-188CF2253B65} = {886A6D0D-F8F2-4D96-BCC6-78645BF6A54F}
		{00D4635D-2F11-4F01-B2B4-3FE3700B4FB4} = {2B6EEAA5-B474-47DB-A39A-B57587004332}
		{CEE7EFE7-7EC3-4058-AE71-49137040A0A8} = {886A6D0D-F8F2-4D96-BCC6-78645BF6A54F}
		{13DFB666-5290-4AC9-A94B-73DFD3C78D28} = {689BFE36-96B7-41AC-A3C0-5184F7397B3D}
	EndGlobalSection
	GlobalSection(ExtensibilityGlobals) = postSolution
		SolutionGuid = {C06B3A69-5FB5-4D28-AC89-727EAA97B32A}
	EndGlobalSection
EndGlobal
